// !$*UTF8*$!
{
	archiveVersion = 1;
	classes = {
	};
	objectVersion = 46;
	objects = {

/* Begin PBXBuildFile section */
		A66D9A4715B181A600DA269F /* Cocoa.framework in Frameworks */ = {isa = PBXBuildFile; fileRef = A66D9A4615B181A600DA269F /* Cocoa.framework */; };
		A66D9A5115B181A600DA269F /* InfoPlist.strings in Resources */ = {isa = PBXBuildFile; fileRef = A66D9A4F15B181A600DA269F /* InfoPlist.strings */; };
		A66D9A5315B181A600DA269F /* main.m in Sources */ = {isa = PBXBuildFile; fileRef = A66D9A5215B181A600DA269F /* main.m */; };
		A66D9A5715B181A600DA269F /* Credits.rtf in Resources */ = {isa = PBXBuildFile; fileRef = A66D9A5515B181A600DA269F /* Credits.rtf */; };
		A66D9A5A15B181A600DA269F /* HCAppDelegate.m in Sources */ = {isa = PBXBuildFile; fileRef = A66D9A5915B181A600DA269F /* HCAppDelegate.m */; };
		A66D9A5D15B181A700DA269F /* MainMenu.xib in Resources */ = {isa = PBXBuildFile; fileRef = A66D9A5B15B181A700DA269F /* MainMenu.xib */; };
		A66D9A6415B181C300DA269F /* InputMethodKit.framework in Frameworks */ = {isa = PBXBuildFile; fileRef = A66D9A6315B181C300DA269F /* InputMethodKit.framework */; };
		A66D9A6715B1820E00DA269F /* HCInputController.m in Sources */ = {isa = PBXBuildFile; fileRef = A66D9A6615B1820E00DA269F /* HCInputController.m */; };
		A6890C2E15B1CA23003158D2 /* icon.icns in Resources */ = {isa = PBXBuildFile; fileRef = A6890C2D15B1CA23003158D2 /* icon.icns */; };
		A6890C3115B1CA66003158D2 /* icon.tiff in Resources */ = {isa = PBXBuildFile; fileRef = A6890C3015B1CA66003158D2 /* icon.tiff */; };
		A6CA519E15B4420E001B12BD /* HCConvertController.m in Sources */ = {isa = PBXBuildFile; fileRef = A6CA519D15B4420E001B12BD /* HCConvertController.m */; };
/* End PBXBuildFile section */

/* Begin PBXFileReference section */
		A66D9A4215B181A600DA269F /* HeartCatchIME.app */ = {isa = PBXFileReference; explicitFileType = wrapper.application; includeInIndex = 0; path = HeartCatchIME.app; sourceTree = BUILT_PRODUCTS_DIR; };
		A66D9A4615B181A600DA269F /* Cocoa.framework */ = {isa = PBXFileReference; lastKnownFileType = wrapper.framework; name = Cocoa.framework; path = System/Library/Frameworks/Cocoa.framework; sourceTree = SDKROOT; };
		A66D9A4915B181A600DA269F /* AppKit.framework */ = {isa = PBXFileReference; lastKnownFileType = wrapper.framework; name = AppKit.framework; path = System/Library/Frameworks/AppKit.framework; sourceTree = SDKROOT; };
		A66D9A4A15B181A600DA269F /* CoreData.framework */ = {isa = PBXFileReference; lastKnownFileType = wrapper.framework; name = CoreData.framework; path = System/Library/Frameworks/CoreData.framework; sourceTree = SDKROOT; };
		A66D9A4B15B181A600DA269F /* Foundation.framework */ = {isa = PBXFileReference; lastKnownFileType = wrapper.framework; name = Foundation.framework; path = System/Library/Frameworks/Foundation.framework; sourceTree = SDKROOT; };
		A66D9A4E15B181A600DA269F /* HeartCatchIME-Info.plist */ = {isa = PBXFileReference; lastKnownFileType = text.plist.xml; path = "HeartCatchIME-Info.plist"; sourceTree = "<group>"; };
		A66D9A5015B181A600DA269F /* en */ = {isa = PBXFileReference; lastKnownFileType = text.plist.strings; name = en; path = en.lproj/InfoPlist.strings; sourceTree = "<group>"; };
		A66D9A5215B181A600DA269F /* main.m */ = {isa = PBXFileReference; lastKnownFileType = sourcecode.c.objc; path = main.m; sourceTree = "<group>"; };
		A66D9A5415B181A600DA269F /* HeartCatchIME-Prefix.pch */ = {isa = PBXFileReference; lastKnownFileType = sourcecode.c.h; path = "HeartCatchIME-Prefix.pch"; sourceTree = "<group>"; };
		A66D9A5615B181A600DA269F /* en */ = {isa = PBXFileReference; lastKnownFileType = text.rtf; name = en; path = en.lproj/Credits.rtf; sourceTree = "<group>"; };
		A66D9A5815B181A600DA269F /* HCAppDelegate.h */ = {isa = PBXFileReference; lastKnownFileType = sourcecode.c.h; path = HCAppDelegate.h; sourceTree = "<group>"; };
		A66D9A5915B181A600DA269F /* HCAppDelegate.m */ = {isa = PBXFileReference; lastKnownFileType = sourcecode.c.objc; path = HCAppDelegate.m; sourceTree = "<group>"; };
		A66D9A5C15B181A700DA269F /* en */ = {isa = PBXFileReference; lastKnownFileType = file.xib; name = en; path = en.lproj/MainMenu.xib; sourceTree = "<group>"; };
		A66D9A6315B181C300DA269F /* InputMethodKit.framework */ = {isa = PBXFileReference; lastKnownFileType = wrapper.framework; name = InputMethodKit.framework; path = System/Library/Frameworks/InputMethodKit.framework; sourceTree = SDKROOT; };
		A66D9A6515B1820E00DA269F /* HCInputController.h */ = {isa = PBXFileReference; fileEncoding = 4; lastKnownFileType = sourcecode.c.h; path = HCInputController.h; sourceTree = "<group>"; };
		A66D9A6615B1820E00DA269F /* HCInputController.m */ = {isa = PBXFileReference; fileEncoding = 4; lastKnownFileType = sourcecode.c.objc; path = HCInputController.m; sourceTree = "<group>"; };
		A66D9A7315B18ACD00DA269F /* ja */ = {isa = PBXFileReference; lastKnownFileType = text.plist.strings; name = ja; path = /Users/keroxp/Development/HeartCatchIME/HeartCatchIME/ja.lproj/InfoPlist.strings; sourceTree = "<absolute>"; };
		A66D9A7415B18ACD00DA269F /* ja */ = {isa = PBXFileReference; lastKnownFileType = file.xib; name = ja; path = /Users/keroxp/Development/HeartCatchIME/HeartCatchIME/ja.lproj/MainMenu.xib; sourceTree = "<absolute>"; };
		A66D9A7515B18ACD00DA269F /* ja */ = {isa = PBXFileReference; lastKnownFileType = text.rtf; name = ja; path = /Users/keroxp/Development/HeartCatchIME/HeartCatchIME/ja.lproj/Credits.rtf; sourceTree = "<absolute>"; };
		A6890C2D15B1CA23003158D2 /* icon.icns */ = {isa = PBXFileReference; lastKnownFileType = image.icns; path = icon.icns; sourceTree = "<group>"; };
		A6890C3015B1CA66003158D2 /* icon.tiff */ = {isa = PBXFileReference; lastKnownFileType = image.tiff; path = icon.tiff; sourceTree = "<group>"; };
		A6CA519C15B4420E001B12BD /* HCConvertController.h */ = {isa = PBXFileReference; fileEncoding = 4; lastKnownFileType = sourcecode.c.h; path = HCConvertController.h; sourceTree = "<group>"; };
		A6CA519D15B4420E001B12BD /* HCConvertController.m */ = {isa = PBXFileReference; fileEncoding = 4; lastKnownFileType = sourcecode.c.objc; path = HCConvertController.m; sourceTree = "<group>"; };
/* End PBXFileReference section */

/* Begin PBXFrameworksBuildPhase section */
		A66D9A3F15B181A600DA269F /* Frameworks */ = {
			isa = PBXFrameworksBuildPhase;
			buildActionMask = 2147483647;
			files = (
				A66D9A6415B181C300DA269F /* InputMethodKit.framework in Frameworks */,
				A66D9A4715B181A600DA269F /* Cocoa.framework in Frameworks */,
			);
			runOnlyForDeploymentPostprocessing = 0;
		};
/* End PBXFrameworksBuildPhase section */

/* Begin PBXGroup section */
		A66D9A3715B181A600DA269F = {
			isa = PBXGroup;
			children = (
				A66D9A4C15B181A600DA269F /* HeartCatchIME */,
				A66D9A4515B181A600DA269F /* Frameworks */,
				A66D9A4315B181A600DA269F /* Products */,
			);
			sourceTree = "<group>";
		};
		A66D9A4315B181A600DA269F /* Products */ = {
			isa = PBXGroup;
			children = (
				A66D9A4215B181A600DA269F /* HeartCatchIME.app */,
			);
			name = Products;
			sourceTree = "<group>";
		};
		A66D9A4515B181A600DA269F /* Frameworks */ = {
			isa = PBXGroup;
			children = (
				A66D9A6315B181C300DA269F /* InputMethodKit.framework */,
				A66D9A4615B181A600DA269F /* Cocoa.framework */,
				A66D9A4815B181A600DA269F /* Other Frameworks */,
			);
			name = Frameworks;
			sourceTree = "<group>";
		};
		A66D9A4815B181A600DA269F /* Other Frameworks */ = {
			isa = PBXGroup;
			children = (
				A66D9A4915B181A600DA269F /* AppKit.framework */,
				A66D9A4A15B181A600DA269F /* CoreData.framework */,
				A66D9A4B15B181A600DA269F /* Foundation.framework */,
			);
			name = "Other Frameworks";
			sourceTree = "<group>";
		};
		A66D9A4C15B181A600DA269F /* HeartCatchIME */ = {
			isa = PBXGroup;
			children = (
				A66D9A5815B181A600DA269F /* HCAppDelegate.h */,
				A66D9A5915B181A600DA269F /* HCAppDelegate.m */,
				A66D9A6515B1820E00DA269F /* HCInputController.h */,
				A66D9A6615B1820E00DA269F /* HCInputController.m */,
				A6CA519C15B4420E001B12BD /* HCConvertController.h */,
				A6CA519D15B4420E001B12BD /* HCConvertController.m */,
				A66D9A5B15B181A700DA269F /* MainMenu.xib */,
				A66D9A4D15B181A600DA269F /* Supporting Files */,
			);
			path = HeartCatchIME;
			sourceTree = "<group>";
		};
		A66D9A4D15B181A600DA269F /* Supporting Files */ = {
			isa = PBXGroup;
			children = (
				A6890C3015B1CA66003158D2 /* icon.tiff */,
				A6890C2D15B1CA23003158D2 /* icon.icns */,
				A66D9A4E15B181A600DA269F /* HeartCatchIME-Info.plist */,
				A66D9A4F15B181A600DA269F /* InfoPlist.strings */,
				A66D9A5215B181A600DA269F /* main.m */,
				A66D9A5415B181A600DA269F /* HeartCatchIME-Prefix.pch */,
				A66D9A5515B181A600DA269F /* Credits.rtf */,
			);
			name = "Supporting Files";
			sourceTree = "<group>";
		};
/* End PBXGroup section */

/* Begin PBXNativeTarget section */
		A66D9A4115B181A600DA269F /* HeartCatchIME */ = {
			isa = PBXNativeTarget;
			buildConfigurationList = A66D9A6015B181A700DA269F /* Build configuration list for PBXNativeTarget "HeartCatchIME" */;
			buildPhases = (
				A66D9A3E15B181A600DA269F /* Sources */,
				A66D9A3F15B181A600DA269F /* Frameworks */,
				A66D9A4015B181A600DA269F /* Resources */,
			);
			buildRules = (
			);
			dependencies = (
			);
			name = HeartCatchIME;
			productName = HeartCatchIME;
			productReference = A66D9A4215B181A600DA269F /* HeartCatchIME.app */;
			productType = "com.apple.product-type.application";
		};
/* End PBXNativeTarget section */

/* Begin PBXProject section */
		A66D9A3915B181A600DA269F /* Project object */ = {
			isa = PBXProject;
			attributes = {
				CLASSPREFIX = HC;
				LastUpgradeCheck = 0430;
				ORGANIZATIONNAME = "Kaeru Lab";
			};
			buildConfigurationList = A66D9A3C15B181A600DA269F /* Build configuration list for PBXProject "HeartCatchIME" */;
			compatibilityVersion = "Xcode 3.2";
			developmentRegion = English;
			hasScannedForEncodings = 0;
			knownRegions = (
				en,
			);
			mainGroup = A66D9A3715B181A600DA269F;
			productRefGroup = A66D9A4315B181A600DA269F /* Products */;
			projectDirPath = "";
			projectRoot = "";
			targets = (
				A66D9A4115B181A600DA269F /* HeartCatchIME */,
			);
		};
/* End PBXProject section */

/* Begin PBXResourcesBuildPhase section */
		A66D9A4015B181A600DA269F /* Resources */ = {
			isa = PBXResourcesBuildPhase;
			buildActionMask = 2147483647;
			files = (
				A66D9A5115B181A600DA269F /* InfoPlist.strings in Resources */,
				A66D9A5715B181A600DA269F /* Credits.rtf in Resources */,
				A66D9A5D15B181A700DA269F /* MainMenu.xib in Resources */,
				A6890C2E15B1CA23003158D2 /* icon.icns in Resources */,
				A6890C3115B1CA66003158D2 /* icon.tiff in Resources */,
			);
			runOnlyForDeploymentPostprocessing = 0;
		};
/* End PBXResourcesBuildPhase section */

/* Begin PBXSourcesBuildPhase section */
		A66D9A3E15B181A600DA269F /* Sources */ = {
			isa = PBXSourcesBuildPhase;
			buildActionMask = 2147483647;
			files = (
				A66D9A5315B181A600DA269F /* main.m in Sources */,
				A66D9A5A15B181A600DA269F /* HCAppDelegate.m in Sources */,
				A66D9A6715B1820E00DA269F /* HCInputController.m in Sources */,
				A6CA519E15B4420E001B12BD /* HCConvertController.m in Sources */,
			);
			runOnlyForDeploymentPostprocessing = 0;
		};
/* End PBXSourcesBuildPhase section */

/* Begin PBXVariantGroup section */
		A66D9A4F15B181A600DA269F /* InfoPlist.strings */ = {
			isa = PBXVariantGroup;
			children = (
				A66D9A5015B181A600DA269F /* en */,
				A66D9A7315B18ACD00DA269F /* ja */,
			);
			name = InfoPlist.strings;
			sourceTree = "<group>";
		};
		A66D9A5515B181A600DA269F /* Credits.rtf */ = {
			isa = PBXVariantGroup;
			children = (
				A66D9A5615B181A600DA269F /* en */,
				A66D9A7515B18ACD00DA269F /* ja */,
			);
			name = Credits.rtf;
			sourceTree = "<group>";
		};
		A66D9A5B15B181A700DA269F /* MainMenu.xib */ = {
			isa = PBXVariantGroup;
			children = (
				A66D9A5C15B181A700DA269F /* en */,
				A66D9A7415B18ACD00DA269F /* ja */,
			);
			name = MainMenu.xib;
			sourceTree = "<group>";
		};
/* End PBXVariantGroup section */

/* Begin XCBuildConfiguration section */
		A66D9A5E15B181A700DA269F /* Debug */ = {
			isa = XCBuildConfiguration;
			buildSettings = {
				ALWAYS_SEARCH_USER_PATHS = NO;
				ARCHS = "$(ARCHS_STANDARD_64_BIT)";
				COPY_PHASE_STRIP = NO;
				GCC_C_LANGUAGE_STANDARD = gnu99;
				GCC_DYNAMIC_NO_PIC = NO;
				GCC_ENABLE_OBJC_EXCEPTIONS = YES;
				GCC_OPTIMIZATION_LEVEL = 0;
				GCC_PREPROCESSOR_DEFINITIONS = (
					"DEBUG=1",
					"$(inherited)",
				);
				GCC_SYMBOLS_PRIVATE_EXTERN = NO;
				GCC_VERSION = com.apple.compilers.llvm.clang.1_0;
				GCC_WARN_64_TO_32_BIT_CONVERSION = YES;
				GCC_WARN_ABOUT_RETURN_TYPE = YES;
				GCC_WARN_UNINITIALIZED_AUTOS = YES;
				GCC_WARN_UNUSED_VARIABLE = YES;
				MACOSX_DEPLOYMENT_TARGET = 10.7;
				ONLY_ACTIVE_ARCH = YES;
				SDKROOT = macosx;
			};
			name = Debug;
		};
		A66D9A5F15B181A700DA269F /* Release */ = {
			isa = XCBuildConfiguration;
			buildSettings = {
				ALWAYS_SEARCH_USER_PATHS = NO;
				ARCHS = "$(ARCHS_STANDARD_64_BIT)";
				COPY_PHASE_STRIP = YES;
				DEBUG_INFORMATION_FORMAT = "dwarf-with-dsym";
				GCC_C_LANGUAGE_STANDARD = gnu99;
				GCC_ENABLE_OBJC_EXCEPTIONS = YES;
				GCC_VERSION = com.apple.compilers.llvm.clang.1_0;
				GCC_WARN_64_TO_32_BIT_CONVERSION = YES;
				GCC_WARN_ABOUT_RETURN_TYPE = YES;
				GCC_WARN_UNINITIALIZED_AUTOS = YES;
				GCC_WARN_UNUSED_VARIABLE = YES;
				MACOSX_DEPLOYMENT_TARGET = 10.7;
				SDKROOT = macosx;
			};
			name = Release;
		};
		A66D9A6115B181A700DA269F /* Debug */ = {
			isa = XCBuildConfiguration;
			buildSettings = {
				GCC_PRECOMPILE_PREFIX_HEADER = YES;
				GCC_PREFIX_HEADER = "HeartCatchIME/HeartCatchIME-Prefix.pch";
				INFOPLIST_FILE = "HeartCatchIME/HeartCatchIME-Info.plist";
				PRODUCT_NAME = "$(TARGET_NAME)";
				WRAPPER_EXTENSION = app;
			};
			name = Debug;
		};
		A66D9A6215B181A700DA269F /* Release */ = {
			isa = XCBuildConfiguration;
			buildSettings = {
				GCC_PRECOMPILE_PREFIX_HEADER = YES;
				GCC_PREFIX_HEADER = "HeartCatchIME/HeartCatchIME-Prefix.pch";
				INFOPLIST_FILE = "HeartCatchIME/HeartCatchIME-Info.plist";
				PRODUCT_NAME = "$(TARGET_NAME)";
				WRAPPER_EXTENSION = app;
			};
			name = Release;
		};
/* End XCBuildConfiguration section */

/* Begin XCConfigurationList section */
		A66D9A3C15B181A600DA269F /* Build configuration list for PBXProject "HeartCatchIME" */ = {
			isa = XCConfigurationList;
			buildConfigurations = (
				A66D9A5E15B181A700DA269F /* Debug */,
				A66D9A5F15B181A700DA269F /* Release */,
			);
			defaultConfigurationIsVisible = 0;
			defaultConfigurationName = Release;
		};
		A66D9A6015B181A700DA269F /* Build configuration list for PBXNativeTarget "HeartCatchIME" */ = {
			isa = XCConfigurationList;
			buildConfigurations = (
				A66D9A6115B181A700DA269F /* Debug */,
				A66D9A6215B181A700DA269F /* Release */,
			);
			defaultConfigurationIsVisible = 0;
			defaultConfigurationName = Release;
		};
/* End XCConfigurationList section */
	};
	rootObject = A66D9A3915B181A600DA269F /* Project object */;
}
